
Microsoft Visual Studio Solution File, Format Version 12.00
# Visual Studio Version 16
VisualStudioVersion = 16.0.31605.320
MinimumVisualStudioVersion = 10.0.40219.1
Project("{9A19103F-16F7-4668-BE54-9A1E7A4F7556}") = "Walter2021.Common", "Walter2021.Common\Walter2021.Common.csproj", "{ADBD5B9F-36B0-401C-8CAE-790A490DBEE8}"
EndProject
Project("{9A19103F-16F7-4668-BE54-9A1E7A4F7556}") = "Walter2021.Function", "Walter2021.Function\Walter2021.Function.csproj", "{AD20C7A2-D574-47E9-A95A-4C2D681BBB88}"
EndProject
Project("{9A19103F-16F7-4668-BE54-9A1E7A4F7556}") = "Walter2021.Tests", "Walter2021.Tests\Walter2021.Tests.csproj", "{FCCA3063-FEEE-4798-9BC7-73A13D6AB207}"
EndProject
Global
	GlobalSection(SolutionConfigurationPlatforms) = preSolution
		Debug|Any CPU = Debug|Any CPU
		Release|Any CPU = Release|Any CPU
	EndGlobalSection
	GlobalSection(ProjectConfigurationPlatforms) = postSolution
		{ADBD5B9F-36B0-401C-8CAE-790A490DBEE8}.Debug|Any CPU.ActiveCfg = Debug|Any CPU
		{ADBD5B9F-36B0-401C-8CAE-790A490DBEE8}.Debug|Any CPU.Build.0 = Debug|Any CPU
		{ADBD5B9F-36B0-401C-8CAE-790A490DBEE8}.Release|Any CPU.ActiveCfg = Release|Any CPU
		{ADBD5B9F-36B0-401C-8CAE-790A490DBEE8}.Release|Any CPU.Build.0 = Release|Any CPU
		{AD20C7A2-D574-47E9-A95A-4C2D681BBB88}.Debug|Any CPU.ActiveCfg = Debug|Any CPU
		{AD20C7A2-D574-47E9-A95A-4C2D681BBB88}.Debug|Any CPU.Build.0 = Debug|Any CPU
		{AD20C7A2-D574-47E9-A95A-4C2D681BBB88}.Release|Any CPU.ActiveCfg = Release|Any CPU
		{AD20C7A2-D574-47E9-A95A-4C2D681BBB88}.Release|Any CPU.Build.0 = Release|Any CPU
		{FCCA3063-FEEE-4798-9BC7-73A13D6AB207}.Debug|Any CPU.ActiveCfg = Debug|Any CPU
		{FCCA3063-FEEE-4798-9BC7-73A13D6AB207}.Debug|Any CPU.Build.0 = Debug|Any CPU
		{FCCA3063-FEEE-4798-9BC7-73A13D6AB207}.Release|Any CPU.ActiveCfg = Release|Any CPU
		{FCCA3063-FEEE-4798-9BC7-73A13D6AB207}.Release|Any CPU.Build.0 = Release|Any CPU
	EndGlobalSection
	GlobalSection(SolutionProperties) = preSolution
		HideSolutionNode = FALSE
	EndGlobalSection
	GlobalSection(ExtensibilityGlobals) = postSolution
		SolutionGuid = {01A32CDB-E0CA-4BE0-BE34-83F43EBD22B2}
	EndGlobalSection
EndGlobal
